
Microsoft Visual Studio Solution File, Format Version 12.00
# Visual Studio 15
VisualStudioVersion = 15.0.27130.2027
MinimumVisualStudioVersion = 10.0.40219.1
Project("{FAE04EC0-301F-11D3-BF4B-00C04F79EFBC}") = "1. Extract Emails1", "1. Extract Emails1\1. Extract Emails1.csproj", "{8A84ACDC-7503-4EE4-AFBA-CFD8174CDDC5}"
EndProject
Project("{FAE04EC0-301F-11D3-BF4B-00C04F79EFBC}") = "2. Extract Sentences by Keyword", "2. Extract Sentences by Keyword\2. Extract Sentences by Keyword.csproj", "{75BBF938-D8C2-44F9-8F95-832CEC196504}"
EndProject
Project("{FAE04EC0-301F-11D3-BF4B-00C04F79EFBC}") = "ConsoleApp1", "ConsoleApp1\ConsoleApp1.csproj", "{91C11A4E-82DA-468B-9139-E27D40560431}"
EndProject
Project("{FAE04EC0-301F-11D3-BF4B-00C04F79EFBC}") = "3. Camera View", "3. Camera View\3. Camera View.csproj", "{BF5CC451-344D-4359-97F5-F8B7C3D76EAF}"
EndProject
Project("{FAE04EC0-301F-11D3-BF4B-00C04F79EFBC}") = "4. Weather1", "4. Weather1\4. Weather1.csproj", "{E33EB8B3-9D55-4574-AA4F-6F433AAE2830}"
EndProject
Project("{FAE04EC0-301F-11D3-BF4B-00C04F79EFBC}") = "5. Key Replacer", "5. Key Replacer\5. Key Replacer.csproj", "{AC22310C-D380-4604-820C-06BC9D8484FC}"
EndProject
Global
	GlobalSection(SolutionConfigurationPlatforms) = preSolution
		Debug|Any CPU = Debug|Any CPU
		Release|Any CPU = Release|Any CPU
	EndGlobalSection
	GlobalSection(ProjectConfigurationPlatforms) = postSolution
		{8A84ACDC-7503-4EE4-AFBA-CFD8174CDDC5}.Debug|Any CPU.ActiveCfg = Debug|Any CPU
		{8A84ACDC-7503-4EE4-AFBA-CFD8174CDDC5}.Debug|Any CPU.Build.0 = Debug|Any CPU
		{8A84ACDC-7503-4EE4-AFBA-CFD8174CDDC5}.Release|Any CPU.ActiveCfg = Release|Any CPU
		{8A84ACDC-7503-4EE4-AFBA-CFD8174CDDC5}.Release|Any CPU.Build.0 = Release|Any CPU
		{75BBF938-D8C2-44F9-8F95-832CEC196504}.Debug|Any CPU.ActiveCfg = Debug|Any CPU
		{75BBF938-D8C2-44F9-8F95-832CEC196504}.Debug|Any CPU.Build.0 = Debug|Any CPU
		{75BBF938-D8C2-44F9-8F95-832CEC196504}.Release|Any CPU.ActiveCfg = Release|Any CPU
		{75BBF938-D8C2-44F9-8F95-832CEC196504}.Release|Any CPU.Build.0 = Release|Any CPU
		{91C11A4E-82DA-468B-9139-E27D40560431}.Debug|Any CPU.ActiveCfg = Debug|Any CPU
		{91C11A4E-82DA-468B-9139-E27D40560431}.Debug|Any CPU.Build.0 = Debug|Any CPU
		{91C11A4E-82DA-468B-9139-E27D40560431}.Release|Any CPU.ActiveCfg = Release|Any CPU
		{91C11A4E-82DA-468B-9139-E27D40560431}.Release|Any CPU.Build.0 = Release|Any CPU
		{BF5CC451-344D-4359-97F5-F8B7C3D76EAF}.Debug|Any CPU.ActiveCfg = Debug|Any CPU
		{BF5CC451-344D-4359-97F5-F8B7C3D76EAF}.Debug|Any CPU.Build.0 = Debug|Any CPU
		{BF5CC451-344D-4359-97F5-F8B7C3D76EAF}.Release|Any CPU.ActiveCfg = Release|Any CPU
		{BF5CC451-344D-4359-97F5-F8B7C3D76EAF}.Release|Any CPU.Build.0 = Release|Any CPU
		{E33EB8B3-9D55-4574-AA4F-6F433AAE2830}.Debug|Any CPU.ActiveCfg = Debug|Any CPU
		{E33EB8B3-9D55-4574-AA4F-6F433AAE2830}.Debug|Any CPU.Build.0 = Debug|Any CPU
		{E33EB8B3-9D55-4574-AA4F-6F433AAE2830}.Release|Any CPU.ActiveCfg = Release|Any CPU
		{E33EB8B3-9D55-4574-AA4F-6F433AAE2830}.Release|Any CPU.Build.0 = Release|Any CPU
		{AC22310C-D380-4604-820C-06BC9D8484FC}.Debug|Any CPU.ActiveCfg = Debug|Any CPU
		{AC22310C-D380-4604-820C-06BC9D8484FC}.Debug|Any CPU.Build.0 = Debug|Any CPU
		{AC22310C-D380-4604-820C-06BC9D8484FC}.Release|Any CPU.ActiveCfg = Release|Any CPU
		{AC22310C-D380-4604-820C-06BC9D8484FC}.Release|Any CPU.Build.0 = Release|Any CPU
	EndGlobalSection
	GlobalSection(SolutionProperties) = preSolution
		HideSolutionNode = FALSE
	EndGlobalSection
	GlobalSection(ExtensibilityGlobals) = postSolution
		SolutionGuid = {06899F3B-F752-4AB6-A360-C001636AE3FB}
	EndGlobalSection
EndGlobal
